<?xml version="1.0" encoding="utf-8"?>
<Project ToolsVersion="4.0" xmlns="http://schemas.microsoft.com/developer/msbuild/2003">
  <ItemGroup>
    <Filter Include="Source Files">
      <UniqueIdentifier>{8337da2e-7122-4bc4-9c92-4f29c7f0941b}</UniqueIdentifier>
      <Extensions>cpp;c;cxx;rc;def;r;odl;idl;hpj;bat</Extensions>
    </Filter>
    <Filter Include="Source Files\Ghost effects">
      <UniqueIdentifier>{70060630-ecd6-4188-bf88-c3a1ed81699b}</UniqueIdentifier>
      <Extensions>.cpp</Extensions>
    </Filter>
    <Filter Include="Header Files">
      <UniqueIdentifier>{0d644515-921e-4b19-80f1-67b33e242e95}</UniqueIdentifier>
      <Extensions>h;hpp;hxx;hm;inl</Extensions>
    </Filter>
    <Filter Include="Header Files\Ghost Effects headers">
      <UniqueIdentifier>{e4cdcfda-7965-4cef-be4d-62b3f23c3b8d}</UniqueIdentifier>
      <Extensions>.h</Extensions>
    </Filter>
  </ItemGroup>
  <ItemGroup>
    <ClCompile Include="buzzForceField.C">
      <Filter>Source Files</Filter>
    </ClCompile>
    <ClCompile Include="constraint.C">
      <Filter>Source Files</Filter>
    </ClCompile>
    <ClCompile Include="forcefield.C">
      <Filter>Source Files</Filter>
    </ClCompile>
    <ClCompile Include="plane.C">
      <Filter>Source Files</Filter>
    </ClCompile>
    <ClCompile Include="texture_plane.C">
      <Filter>Source Files</Filter>
    </ClCompile>
    <ClCompile Include="trimesh.C">
      <Filter>Source Files</Filter>
    </ClCompile>
    <ClCompile Include="vrpn_Phantom.C">
      <Filter>Source Files</Filter>
    </ClCompile>
    <ClCompile Include="ghostEffects\InstantBuzzEffect.cpp">
      <Filter>Source Files\Ghost effects</Filter>
    </ClCompile>
  </ItemGroup>
  <ItemGroup>
    <ClInclude Include="buzzForceField.h">
      <Filter>Header Files</Filter>
    </ClInclude>
    <ClInclude Include="constraint.h">
      <Filter>Header Files</Filter>
    </ClInclude>
    <ClInclude Include="forcefield.h">
      <Filter>Header Files</Filter>
    </ClInclude>
    <ClInclude Include="ghost.h">
      <Filter>Header Files</Filter>
    </ClInclude>
    <ClInclude Include="plane.h">
      <Filter>Header Files</Filter>
    </ClInclude>
    <ClInclude Include="texture_plane.h">
      <Filter>Header Files</Filter>
    </ClInclude>
    <ClInclude Include="trimesh.h">
      <Filter>Header Files</Filter>
    </ClInclude>
    <ClInclude Include="vrpn_Phantom.h">
      <Filter>Header Files</Filter>
    </ClInclude>
    <ClInclude Include="ghostEffects\InstantBuzzEffect.h">
      <Filter>Header Files\Ghost Effects headers</Filter>
    </ClInclude>
  </ItemGroup>
</Project>